PODS:
  - appcheck (1.0.3):
    - Flutter
  - device_info_plus (0.0.1):
    - Flutter
  - Flutter (1.0.0)
  - flutter_keyboard_visibility (0.0.1):
    - Flutter
  - flutter_local_notifications (0.0.1):
    - Flutter
  - flutter_secure_storage (6.0.0):
    - Flutter
  - package_info_plus (0.4.5):
    - Flutter
  - path_provider_foundation (0.0.1):
    - Flutter
    - FlutterMacOS
  - permission_handler_apple (9.3.0):
    - Flutter
  - share_plus (0.0.1):
    - Flutter
  - shared_preferences_foundation (0.0.1):
    - Flutter
    - FlutterMacOS
  - url_launcher_ios (0.0.1):
    - Flutter
  - webview_flutter_wkwebview (0.0.1):
    - Flutter
  - workmanager (0.0.1):
    - Flutter

DEPENDENCIES:
  - appcheck (from `.symlinks/plugins/appcheck/ios`)
  - device_info_plus (from `.symlinks/plugins/device_info_plus/ios`)
  - Flutter (from `Flutter`)
  - flutter_keyboard_visibility (from `.symlinks/plugins/flutter_keyboard_visibility/ios`)
  - flutter_local_notifications (from `.symlinks/plugins/flutter_local_notifications/ios`)
  - flutter_secure_storage (from `.symlinks/plugins/flutter_secure_storage/ios`)
  - package_info_plus (from `.symlinks/plugins/package_info_plus/ios`)
  - path_provider_foundation (from `.symlinks/plugins/path_provider_foundation/darwin`)
  - permission_handler_apple (from `.symlinks/plugins/permission_handler_apple/ios`)
  - share_plus (from `.symlinks/plugins/share_plus/ios`)
  - shared_preferences_foundation (from `.symlinks/plugins/shared_preferences_foundation/darwin`)
  - url_launcher_ios (from `.symlinks/plugins/url_launcher_ios/ios`)
  - webview_flutter_wkwebview (from `.symlinks/plugins/webview_flutter_wkwebview/ios`)
  - workmanager (from `.symlinks/plugins/workmanager/ios`)

EXTERNAL SOURCES:
  appcheck:
    :path: ".symlinks/plugins/appcheck/ios"
  device_info_plus:
    :path: ".symlinks/plugins/device_info_plus/ios"
  Flutter:
    :path: Flutter
  flutter_keyboard_visibility:
    :path: ".symlinks/plugins/flutter_keyboard_visibility/ios"
  flutter_local_notifications:
    :path: ".symlinks/plugins/flutter_local_notifications/ios"
  flutter_secure_storage:
    :path: ".symlinks/plugins/flutter_secure_storage/ios"
  package_info_plus:
    :path: ".symlinks/plugins/package_info_plus/ios"
  path_provider_foundation:
    :path: ".symlinks/plugins/path_provider_foundation/darwin"
  permission_handler_apple:
    :path: ".symlinks/plugins/permission_handler_apple/ios"
  share_plus:
    :path: ".symlinks/plugins/share_plus/ios"
  shared_preferences_foundation:
    :path: ".symlinks/plugins/shared_preferences_foundation/darwin"
  url_launcher_ios:
    :path: ".symlinks/plugins/url_launcher_ios/ios"
  webview_flutter_wkwebview:
    :path: ".symlinks/plugins/webview_flutter_wkwebview/ios"
  workmanager:
    :path: ".symlinks/plugins/workmanager/ios"

SPEC CHECKSUMS:
  appcheck: e1ab9d4e03736f03e0401554a134d1ed502d7629
  device_info_plus: c6fb39579d0f423935b0c9ce7ee2f44b71b9fce6
  Flutter: e0871f40cf51350855a761d2e70bf5af5b9b5de7
  flutter_keyboard_visibility: 0339d06371254c3eb25eeb90ba8d17dca8f9c069
  flutter_local_notifications: 4cde75091f6327eb8517fa068a0a5950212d2086
  flutter_secure_storage: 23fc622d89d073675f2eaa109381aefbcf5a49be
  package_info_plus: 115f4ad11e0698c8c1c5d8a689390df880f47e85
  path_provider_foundation: 29f094ae23ebbca9d3d0cec13889cd9060c0e943
  permission_handler_apple: 036b856153a2b1f61f21030ff725f3e6fece2b78
  share_plus: c3fef564749587fc939ef86ffb283ceac0baf9f5
  shared_preferences_foundation: b4c3b4cddf1c21f02770737f147a3f5da9d39695
  url_launcher_ios: bbd758c6e7f9fd7b5b1d4cde34d2b95fcce5e812
  webview_flutter_wkwebview: be0f0d33777f1bfd0c9fdcb594786704dbf65f36
  workmanager: 0afdcf5628bbde6924c21af7836fed07b42e30e6

PODFILE CHECKSUM: f3b68ef5c06b5a736e8f0824c96b72dc5c4516a1

COCOAPODS: 1.12.1
